
Microsoft Visual Studio Solution File, Format Version 12.00
# Visual Studio Version 17
VisualStudioVersion = 17.1.32210.238
MinimumVisualStudioVersion = 10.0.40219.1
Project("{FAE04EC0-301F-11D3-BF4B-00C04F79EFBC}") = "TPModul4_1302204062", "TPModul4_1302204062\TPModul4_1302204062.csproj", "{23627E0B-DC1D-4F03-B508-A3EF75A45FC3}"
EndProject
Global
	GlobalSection(SolutionConfigurationPlatforms) = preSolution
		Debug|Any CPU = Debug|Any CPU
		Release|Any CPU = Release|Any CPU
	EndGlobalSection
	GlobalSection(ProjectConfigurationPlatforms) = postSolution
		{23627E0B-DC1D-4F03-B508-A3EF75A45FC3}.Debug|Any CPU.ActiveCfg = Debug|Any CPU
		{23627E0B-DC1D-4F03-B508-A3EF75A45FC3}.Debug|Any CPU.Build.0 = Debug|Any CPU
		{23627E0B-DC1D-4F03-B508-A3EF75A45FC3}.Release|Any CPU.ActiveCfg = Release|Any CPU
		{23627E0B-DC1D-4F03-B508-A3EF75A45FC3}.Release|Any CPU.Build.0 = Release|Any CPU
	EndGlobalSection
	GlobalSection(SolutionProperties) = preSolution
		HideSolutionNode = FALSE
	EndGlobalSection
	GlobalSection(ExtensibilityGlobals) = postSolution
		SolutionGuid = {CC5EC29B-67CD-44BC-A7F2-3B8B1B5367E2}
	EndGlobalSection
EndGlobal
